{
  "name": "webpage",
  "lockfileVersion": 3,
  "requires": true,
  "packages": {
    "": {
      "dependencies": {
        "@pc-magas/asciiart": "^1.0.1"
      }
    },
    "node_modules/@pc-magas/asciiart": {
      "version": "1.0.1",
      "resolved": "https://gitlab.com/api/v4/projects/80429178/packages/npm/@pc-magas/asciiart/-/@pc-magas/asciiart-1.0.1.tgz",
      "integrity": "sha1-gU8Rcp9cVXP6HgdTCiLcoIz0hno="
    }
  }
}
